<?xml version="1.0" encoding="UTF-8" standalone="yes" ?>
<CodeBlocks_project_file>
	<FileVersion major="1" minor="6" />
	<Project>
		<Option title="InfoFighting" />
		<Option pch_mode="2" />
		<Option compiler="gcc" />
		<Build>
			<Target title="Debug">
				<Option output="bin/Debug/InfoFighting" prefix_auto="1" extension_auto="1" />
				<Option object_output="obj/Debug/" />
				<Option type="1" />
				<Option compiler="gcc" />
				<Compiler>
					<Add option="-g" />
					<Add directory="/etc/allegro/include/allegro5" />
					<Add directory="include" />
				</Compiler>
				<Linker>
					<Add library="/usr/lib/liballegro.so" />
					<Add library="/usr/lib/liballegro_acodec.so" />
					<Add library="/usr/lib/liballegro_audio.so" />
					<Add library="/usr/lib/liballegro_color.so" />
					<Add library="/usr/lib/liballegro_dialog.so" />
					<Add library="/usr/lib/liballegro_font.so" />
					<Add library="/usr/lib/liballegro_image.so" />
					<Add library="/usr/lib/liballegro_main.so" />
					<Add library="/usr/lib/liballegro_memfile.so" />
					<Add library="/usr/lib/liballegro_physfs.so" />
					<Add library="/usr/lib/liballegro_primitives.so" />
					<Add library="/usr/lib/liballegro_ttf.so" />
					<Add directory="/usr/lib" />
				</Linker>
			</Target>
			<Target title="Release">
				<Option output="bin/Release/InfoFighting" prefix_auto="1" extension_auto="1" />
				<Option object_output="obj/Release/" />
				<Option type="1" />
				<Option compiler="gcc" />
				<Compiler>
					<Add option="-O2" />
					<Add directory="include" />
				</Compiler>
				<Linker>
					<Add option="-s" />
				</Linker>
			</Target>
		</Build>
		<Compiler>
			<Add option="-Wall" />
		</Compiler>
		<Unit filename="header/Combo.h" />
		<Unit filename="header/Coup.h" />
		<Unit filename="header/Personnage.h" />
		<Unit filename="header/Personnage_jouable.h" />
		<Unit filename="header/options.h" />
		<Unit filename="source/Combo.cpp" />
		<Unit filename="source/Personnage.cpp" />
		<Unit filename="source/main.cpp" />
		<Unit filename="source/options.cpp" />
		<Unit filename="source/test.cpp" />
		<Extensions>
			<code_completion />
			<debugger />
		</Extensions>
	</Project>
</CodeBlocks_project_file>
